
Microsoft Visual Studio Solution File, Format Version 11.00
# Visual Studio 2010
Project("{F2A71F9B-5D33-465A-A702-920D77279786}") = "FsSkeletalViewer", "FsSkeletalViewer\FsSkeletalViewer.fsproj", "{21C96E29-C209-4162-92C5-ADF0C542430A}"
EndProject
Project("{F2A71F9B-5D33-465A-A702-920D77279786}") = "Microsoft.Samples.Kinect.WpfViewers", "Microsoft.Samples.Kinect.WpfViewers\Microsoft.Samples.Kinect.WpfViewers.fsproj", "{57A3246C-882B-4AC0-B9B3-9A1D8693DA0F}"
EndProject
Global
	GlobalSection(SolutionConfigurationPlatforms) = preSolution
		Debug|Any CPU = Debug|Any CPU
		Debug|Mixed Platforms = Debug|Mixed Platforms
		Debug|x86 = Debug|x86
		Release|Any CPU = Release|Any CPU
		Release|Mixed Platforms = Release|Mixed Platforms
		Release|x86 = Release|x86
	EndGlobalSection
	GlobalSection(ProjectConfigurationPlatforms) = postSolution
		{21C96E29-C209-4162-92C5-ADF0C542430A}.Debug|Any CPU.ActiveCfg = Debug|x86
		{21C96E29-C209-4162-92C5-ADF0C542430A}.Debug|Mixed Platforms.ActiveCfg = Debug|x86
		{21C96E29-C209-4162-92C5-ADF0C542430A}.Debug|Mixed Platforms.Build.0 = Debug|x86
		{21C96E29-C209-4162-92C5-ADF0C542430A}.Debug|x86.ActiveCfg = Debug|x86
		{21C96E29-C209-4162-92C5-ADF0C542430A}.Debug|x86.Build.0 = Debug|x86
		{21C96E29-C209-4162-92C5-ADF0C542430A}.Release|Any CPU.ActiveCfg = Release|x86
		{21C96E29-C209-4162-92C5-ADF0C542430A}.Release|Mixed Platforms.ActiveCfg = Release|x86
		{21C96E29-C209-4162-92C5-ADF0C542430A}.Release|Mixed Platforms.Build.0 = Release|x86
		{21C96E29-C209-4162-92C5-ADF0C542430A}.Release|x86.ActiveCfg = Release|x86
		{21C96E29-C209-4162-92C5-ADF0C542430A}.Release|x86.Build.0 = Release|x86
		{57A3246C-882B-4AC0-B9B3-9A1D8693DA0F}.Debug|Any CPU.ActiveCfg = Debug|Any CPU
		{57A3246C-882B-4AC0-B9B3-9A1D8693DA0F}.Debug|Any CPU.Build.0 = Debug|Any CPU
		{57A3246C-882B-4AC0-B9B3-9A1D8693DA0F}.Debug|Mixed Platforms.ActiveCfg = Debug|Any CPU
		{57A3246C-882B-4AC0-B9B3-9A1D8693DA0F}.Debug|Mixed Platforms.Build.0 = Debug|Any CPU
		{57A3246C-882B-4AC0-B9B3-9A1D8693DA0F}.Debug|x86.ActiveCfg = Debug|Any CPU
		{57A3246C-882B-4AC0-B9B3-9A1D8693DA0F}.Release|Any CPU.ActiveCfg = Release|Any CPU
		{57A3246C-882B-4AC0-B9B3-9A1D8693DA0F}.Release|Any CPU.Build.0 = Release|Any CPU
		{57A3246C-882B-4AC0-B9B3-9A1D8693DA0F}.Release|Mixed Platforms.ActiveCfg = Release|Any CPU
		{57A3246C-882B-4AC0-B9B3-9A1D8693DA0F}.Release|Mixed Platforms.Build.0 = Release|Any CPU
		{57A3246C-882B-4AC0-B9B3-9A1D8693DA0F}.Release|x86.ActiveCfg = Release|Any CPU
	EndGlobalSection
	GlobalSection(SolutionProperties) = preSolution
		HideSolutionNode = FALSE
	EndGlobalSection
EndGlobal
